<?xml version="1.0" encoding="utf-8"?>
<Project ToolsVersion="4.0" xmlns="http://schemas.microsoft.com/developer/msbuild/2003">
  <ItemGroup>
    <Filter Include="源文件">
      <UniqueIdentifier>{4FC737F1-C7A5-4376-A066-2A32D752A2FF}</UniqueIdentifier>
      <Extensions>cpp;c;cc;cxx;def;odl;idl;hpj;bat;asm;asmx</Extensions>
    </Filter>
    <Filter Include="头文件">
      <UniqueIdentifier>{93995380-89BD-4b04-88EB-625FBE52EBFB}</UniqueIdentifier>
      <Extensions>h;hh;hpp;hxx;hm;inl;inc;ipp;xsd</Extensions>
    </Filter>
    <Filter Include="资源文件">
      <UniqueIdentifier>{67DA6AB6-F800-4c08-8B7A-83BB121AAD01}</UniqueIdentifier>
      <Extensions>rc;ico;cur;bmp;dlg;rc2;rct;bin;rgs;gif;jpg;jpeg;jpe;resx;tiff;tif;png;wav;mfcribbon-ms</Extensions>
    </Filter>
    <Filter Include="头文件\head">
      <UniqueIdentifier>{b6431409-6377-4ddd-aa52-0e0d5ba2a7cd}</UniqueIdentifier>
    </Filter>
    <Filter Include="头文件\head\tool">
      <UniqueIdentifier>{e70700f9-abbf-4a41-89ed-42af73a2e08c}</UniqueIdentifier>
    </Filter>
    <Filter Include="源文件\method">
      <UniqueIdentifier>{5d194345-ad29-4162-8d3f-829f0e90da5b}</UniqueIdentifier>
    </Filter>
  </ItemGroup>
  <ItemGroup>
    <ClInclude Include="main.h">
      <Filter>头文件</Filter>
    </ClInclude>
    <ClInclude Include="framework.h">
      <Filter>头文件</Filter>
    </ClInclude>
    <ClInclude Include="targetver.h">
      <Filter>头文件</Filter>
    </ClInclude>
    <ClInclude Include="Resource.h">
      <Filter>头文件</Filter>
    </ClInclude>
    <ClInclude Include="pch.h">
      <Filter>头文件</Filter>
    </ClInclude>
    <ClInclude Include="SettingView.h">
      <Filter>头文件</Filter>
    </ClInclude>
    <ClInclude Include="AboutDlg.h">
      <Filter>头文件</Filter>
    </ClInclude>
    <ClInclude Include="BuildView.h">
      <Filter>头文件</Filter>
    </ClInclude>
    <ClInclude Include="head\tool\WriteRedini.h">
      <Filter>头文件\head\tool</Filter>
    </ClInclude>
    <ClInclude Include="head\tool\cJSON.h">
      <Filter>头文件\head\tool</Filter>
    </ClInclude>
    <ClInclude Include="head\tool\CJsonObject.hpp">
      <Filter>头文件\head\tool</Filter>
    </ClInclude>
    <ClInclude Include="head\tool\md5.h">
      <Filter>头文件\head\tool</Filter>
    </ClInclude>
    <ClInclude Include="head\manifest.h">
      <Filter>头文件\head</Filter>
    </ClInclude>
    <ClInclude Include="head\tool\ThreadPool.h">
      <Filter>头文件\head\tool</Filter>
    </ClInclude>
    <ClInclude Include="CinConfigName.h">
      <Filter>头文件</Filter>
    </ClInclude>
  </ItemGroup>
  <ItemGroup>
    <ClCompile Include="main.cpp">
      <Filter>源文件</Filter>
    </ClCompile>
    <ClCompile Include="pch.cpp">
      <Filter>源文件</Filter>
    </ClCompile>
    <ClCompile Include="SettingView.cpp">
      <Filter>源文件</Filter>
    </ClCompile>
    <ClCompile Include="AboutDlg.cpp">
      <Filter>源文件</Filter>
    </ClCompile>
    <ClCompile Include="BuildView.cpp">
      <Filter>源文件</Filter>
    </ClCompile>
    <ClCompile Include="src\method\cJSON.c">
      <Filter>源文件\method</Filter>
    </ClCompile>
    <ClCompile Include="src\method\CJsonObject.cpp">
      <Filter>源文件\method</Filter>
    </ClCompile>
    <ClCompile Include="src\method\manifest.cpp">
      <Filter>源文件\method</Filter>
    </ClCompile>
    <ClCompile Include="src\method\md5.cpp">
      <Filter>源文件\method</Filter>
    </ClCompile>
    <ClCompile Include="CinConfigName.cpp">
      <Filter>源文件</Filter>
    </ClCompile>
  </ItemGroup>
  <ItemGroup>
    <ResourceCompile Include="main.rc">
      <Filter>资源文件</Filter>
    </ResourceCompile>
  </ItemGroup>
  <ItemGroup>
    <None Include="res\main.rc2">
      <Filter>资源文件</Filter>
    </None>
  </ItemGroup>
  <ItemGroup>
    <Image Include="res\main.ico">
      <Filter>资源文件</Filter>
    </Image>
  </ItemGroup>
</Project>